lockfile_version: '1'
generated_at: '2026-08-22T14:59:04.481489+00:00'
apm_version: 0.28.0
dependencies:
- repo_url: humanlayer/skills
  name: show-me
  host: github.com
  resolved_commit: 3c2629142c5d437428269b1b722b08c0b87f574d
  version: unknown
  virtual_path: plugins/show-me/skills/show-me
  is_virtual: true
  package_type: claude_skill
  content_hash: sha256:de32a72f802801f08a84641b467f2c6306d35a58ce5e59ea607ac3a993a18c91
- repo_url: mattpocock/skills
  name: codebase-design
  host: github.com
  resolved_commit: 5b15a47f2d7150f545fbcacbfe381787fc0230dc
  version: unknown
  virtual_path: skills/engineering/codebase-design
  is_virtual: true
  package_type: claude_skill
  deployed_files:
  - .agents/skills/codebase-design
  - .agents/skills/codebase-design/DEEPENING.md
  - .agents/skills/codebase-design/DESIGN-IT-TWICE.md
  - .agents/skills/codebase-design/SKILL.md
  - .agents/skills/codebase-design/agents/openai.yaml
  deployed_file_hashes:
    .agents/skills/codebase-design/DEEPENING.md: sha256:f3dd099ce99289bd213914d8ee3e2429b78309c3957ca4583f7659551b1d53c1
    .agents/skills/codebase-design/DESIGN-IT-TWICE.md: sha256:8e740bf98446dbd4dfdc132ac4346d9a7eedaf93de6a495889171cf7f99f16bd
    .agents/skills/codebase-design/SKILL.md: sha256:2c20617f87ec8af6a434859f381b2f061a69b530444e74eb39e78bb016a6d1e2
    .agents/skills/codebase-design/agents/openai.yaml: sha256:edebc9e4fcfe102114012575eaa9600b9b5fd08c311664f389c36e7bc717740f
  content_hash: sha256:d1762a59416f411caa1e9a38dc07f091487b0491c15ba6031c1e33beee8e004d
- repo_url: mattpocock/skills
  name: domain-modeling
  host: github.com
  resolved_commit: 5b15a47f2d7150f545fbcacbfe381787fc0230dc
  version: unknown
  virtual_path: skills/engineering/domain-modeling
  is_virtual: true
  package_type: claude_skill
  deployed_files:
  - .agents/skills/domain-modeling
  - .agents/skills/domain-modeling/ADR-FORMAT.md
  - .agents/skills/domain-modeling/CONTEXT-FORMAT.md
  - .agents/skills/domain-modeling/SKILL.md
  - .agents/skills/domain-modeling/agents/openai.yaml
  deployed_file_hashes:
    .agents/skills/domain-modeling/ADR-FORMAT.md: sha256:944c92aa790e8fbdc9199640b170979abb8a34ba8d0fe18c2a01a63bce140ca0
    .agents/skills/domain-modeling/CONTEXT-FORMAT.md: sha256:17ab16ce783e4d2801ee52fd9acdf550cbf44de65ae76797a93943bbedf22a13
    .agents/skills/domain-modeling/SKILL.md: sha256:327a2b50620e2fd70abc6893cd6965e76b20f8d0adb0dc2c8d5eb3845efb643e
    .agents/skills/domain-modeling/agents/openai.yaml: sha256:f6bf2aa996c6e6f53fdd0708e18a0d16a56aed8322cca59fedbe3c0d2c75f06b
  content_hash: sha256:18a4b1d415a1851129c26a65cbd9ff63978e2cf66752c05e70b8889a6b002d24
- repo_url: mattpocock/skills
  name: improve-codebase-architecture
  host: github.com
  resolved_commit: 5b15a47f2d7150f545fbcacbfe381787fc0230dc
  version: unknown
  virtual_path: skills/engineering/improve-codebase-architecture
  is_virtual: true
  package_type: claude_skill
  deployed_files:
  - .agents/skills/improve-codebase-architecture
  - .agents/skills/improve-codebase-architecture/HTML-REPORT.md
  - .agents/skills/improve-codebase-architecture/SKILL.md
  - .agents/skills/improve-codebase-architecture/agents/openai.yaml
  deployed_file_hashes:
    .agents/skills/improve-codebase-architecture/HTML-REPORT.md: sha256:581e8bb5a521e46bbda8ca7e19b15948bed882187108092ebb90c62513b77528
    .agents/skills/improve-codebase-architecture/SKILL.md: sha256:d1ac25511a936ff4250a48dbcefda363837d6bb9321b3cba73df99fa37270a75
    .agents/skills/improve-codebase-architecture/agents/openai.yaml: sha256:c8cb20f68ebf0edb4e497bc11ae5fcaa196004e661cd189015b04f4109ced7f1
  content_hash: sha256:081ea865013038d70d3baa831788c9ba5e1b8198ab06e84eecdb2c09e6a2ac72
- repo_url: mattpocock/skills
  name: grilling
  host: github.com
  resolved_commit: 5b15a47f2d7150f545fbcacbfe381787fc0230dc
  version: unknown
  virtual_path: skills/productivity/grilling
  is_virtual: true
  package_type: claude_skill
  deployed_files:
  - .agents/skills/grilling
  - .agents/skills/grilling/SKILL.md
  - .agents/skills/grilling/agents/openai.yaml
  deployed_file_hashes:
    .agents/skills/grilling/SKILL.md: sha256:10ff989e7498b23b5acb49d5048f11dcd906757d2f79c5cdf8a00001381296f2
    .agents/skills/grilling/agents/openai.yaml: sha256:1411d7df7d99b7e621a1ff8283c8133cc2464be63d064e52d8ce169c6800ee9b
  content_hash: sha256:e98f109bca3d8889f673d9f32bf84086f85a70ff9e241f8a34a4560a07ab5a39
deployments:
- kind: project-relative
  target: agent-skills
  value: .agents/skills/codebase-design
  runtime: null
  scope: project
  owners:
  - mattpocock/skills/skills/engineering/codebase-design
  active_owner: mattpocock/skills/skills/engineering/codebase-design
  content_hash: null
- kind: project-relative
  target: agent-skills
  value: .agents/skills/codebase-design/DEEPENING.md
  runtime: null
  scope: project
  owners:
  - mattpocock/skills/skills/engineering/codebase-design
  active_owner: mattpocock/skills/skills/engineering/codebase-design
  content_hash: sha256:f3dd099ce99289bd213914d8ee3e2429b78309c3957ca4583f7659551b1d53c1
- kind: project-relative
  target: agent-skills
  value: .agents/skills/codebase-design/DESIGN-IT-TWICE.md
  runtime: null
  scope: project
  owners:
  - mattpocock/skills/skills/engineering/codebase-design
  active_owner: mattpocock/skills/skills/engineering/codebase-design
  content_hash: sha256:8e740bf98446dbd4dfdc132ac4346d9a7eedaf93de6a495889171cf7f99f16bd
- kind: project-relative
  target: agent-skills
  value: .agents/skills/codebase-design/SKILL.md
  runtime: null
  scope: project
  owners:
  - mattpocock/skills/skills/engineering/codebase-design
  active_owner: mattpocock/skills/skills/engineering/codebase-design
  content_hash: sha256:2c20617f87ec8af6a434859f381b2f061a69b530444e74eb39e78bb016a6d1e2
- kind: project-relative
  target: agent-skills
  value: .agents/skills/codebase-design/agents/openai.yaml
  runtime: null
  scope: project
  owners:
  - mattpocock/skills/skills/engineering/codebase-design
  active_owner: mattpocock/skills/skills/engineering/codebase-design
  content_hash: sha256:edebc9e4fcfe102114012575eaa9600b9b5fd08c311664f389c36e7bc717740f
- kind: project-relative
  target: agent-skills
  value: .agents/skills/domain-modeling
  runtime: null
  scope: project
  owners:
  - mattpocock/skills/skills/engineering/domain-modeling
  active_owner: mattpocock/skills/skills/engineering/domain-modeling
  content_hash: null
- kind: project-relative
  target: agent-skills
  value: .agents/skills/domain-modeling/ADR-FORMAT.md
  runtime: null
  scope: project
  owners:
  - mattpocock/skills/skills/engineering/domain-modeling
  active_owner: mattpocock/skills/skills/engineering/domain-modeling
  content_hash: sha256:944c92aa790e8fbdc9199640b170979abb8a34ba8d0fe18c2a01a63bce140ca0
- kind: project-relative
  target: agent-skills
  value: .agents/skills/domain-modeling/CONTEXT-FORMAT.md
  runtime: null
  scope: project
  owners:
  - mattpocock/skills/skills/engineering/domain-modeling
  active_owner: mattpocock/skills/skills/engineering/domain-modeling
  content_hash: sha256:17ab16ce783e4d2801ee52fd9acdf550cbf44de65ae76797a93943bbedf22a13
- kind: project-relative
  target: agent-skills
  value: .agents/skills/domain-modeling/SKILL.md
  runtime: null
  scope: project
  owners:
  - mattpocock/skills/skills/engineering/domain-modeling
  active_owner: mattpocock/skills/skills/engineering/domain-modeling
  content_hash: sha256:327a2b50620e2fd70abc6893cd6965e76b20f8d0adb0dc2c8d5eb3845efb643e
- kind: project-relative
  target: agent-skills
  value: .agents/skills/domain-modeling/agents/openai.yaml
  runtime: null
  scope: project
  owners:
  - mattpocock/skills/skills/engineering/domain-modeling
  active_owner: mattpocock/skills/skills/engineering/domain-modeling
  content_hash: sha256:f6bf2aa996c6e6f53fdd0708e18a0d16a56aed8322cca59fedbe3c0d2c75f06b
- kind: project-relative
  target: agent-skills
  value: .agents/skills/grilling
  runtime: null
  scope: project
  owners:
  - mattpocock/skills/skills/productivity/grilling
  active_owner: mattpocock/skills/skills/productivity/grilling
  content_hash: null
- kind: project-relative
  target: agent-skills
  value: .agents/skills/grilling/SKILL.md
  runtime: null
  scope: project
  owners:
  - mattpocock/skills/skills/productivity/grilling
  active_owner: mattpocock/skills/skills/productivity/grilling
  content_hash: sha256:10ff989e7498b23b5acb49d5048f11dcd906757d2f79c5cdf8a00001381296f2
- kind: project-relative
  target: agent-skills
  value: .agents/skills/grilling/agents/openai.yaml
  runtime: null
  scope: project
  owners:
  - mattpocock/skills/skills/productivity/grilling
  active_owner: mattpocock/skills/skills/productivity/grilling
  content_hash: sha256:1411d7df7d99b7e621a1ff8283c8133cc2464be63d064e52d8ce169c6800ee9b
- kind: project-relative
  target: agent-skills
  value: .agents/skills/improve-codebase-architecture
  runtime: null
  scope: project
  owners:
  - mattpocock/skills/skills/engineering/improve-codebase-architecture
  active_owner: mattpocock/skills/skills/engineering/improve-codebase-architecture
  content_hash: null
- kind: project-relative
  target: agent-skills
  value: .agents/skills/improve-codebase-architecture/HTML-REPORT.md
  runtime: null
  scope: project
  owners:
  - mattpocock/skills/skills/engineering/improve-codebase-architecture
  active_owner: mattpocock/skills/skills/engineering/improve-codebase-architecture
  content_hash: sha256:581e8bb5a521e46bbda8ca7e19b15948bed882187108092ebb90c62513b77528
- kind: project-relative
  target: agent-skills
  value: .agents/skills/improve-codebase-architecture/SKILL.md
  runtime: null
  scope: project
  owners:
  - mattpocock/skills/skills/engineering/improve-codebase-architecture
  active_owner: mattpocock/skills/skills/engineering/improve-codebase-architecture
  content_hash: sha256:d1ac25511a936ff4250a48dbcefda363837d6bb9321b3cba73df99fa37270a75
- kind: project-relative
  target: agent-skills
  value: .agents/skills/improve-codebase-architecture/agents/openai.yaml
  runtime: null
  scope: project
  owners:
  - mattpocock/skills/skills/engineering/improve-codebase-architecture
  active_owner: mattpocock/skills/skills/engineering/improve-codebase-architecture
  content_hash: sha256:c8cb20f68ebf0edb4e497bc11ae5fcaa196004e661cd189015b04f4109ced7f1
- kind: project-relative
  target: agents
  value: .agents/skills/argument-gap-edit
  runtime: null
  scope: project
  owners:
  - .
  active_owner: .
  content_hash: null
- kind: project-relative
  target: agents
  value: .agents/skills/argument-gap-edit/SKILL.md
  runtime: null
  scope: project
  owners:
  - .
  active_owner: .
  content_hash: sha256:8ea39ccbf38dbcafbe5ed9e3d4a1ba17692f0e727f38388a09a5c80193be77b8
- kind: project-relative
  target: agents
  value: .agents/skills/cognitive-rhythm-writing
  runtime: null
  scope: project
  owners:
  - .
  active_owner: .
  content_hash: null
- kind: project-relative
  target: agents
  value: .agents/skills/cognitive-rhythm-writing/SKILL.md
  runtime: null
  scope: project
  owners:
  - .
  active_owner: .
  content_hash: sha256:f10448558a522b2ca190aaae51c5a8596217cf1dd8c4010a3bf91d3b51aa8493
- kind: project-relative
  target: agents
  value: .agents/skills/git-commit
  runtime: null
  scope: project
  owners:
  - .
  active_owner: .
  content_hash: null
- kind: project-relative
  target: agents
  value: .agents/skills/git-commit/SKILL.md
  runtime: null
  scope: project
  owners:
  - .
  active_owner: .
  content_hash: sha256:132dd15a03bec7e301ab77dbe8dd5d09f5e7f7425a1b2811f34f083c629c79d7
- kind: project-relative
  target: agents
  value: .agents/skills/japanese-tech-writing
  runtime: null
  scope: project
  owners:
  - .
  active_owner: .
  content_hash: null
- kind: project-relative
  target: agents
  value: .agents/skills/japanese-tech-writing/SKILL.md
  runtime: null
  scope: project
  owners:
  - .
  active_owner: .
  content_hash: sha256:7db3328550e754ca625c141a7c2a9214198b4b0f76662dda99ac131cc16495f5
- kind: project-relative
  target: agents
  value: .agents/skills/simplify
  runtime: null
  scope: project
  owners:
  - .
  active_owner: .
  content_hash: null
- kind: project-relative
  target: agents
  value: .agents/skills/simplify/SKILL.md
  runtime: null
  scope: project
  owners:
  - .
  active_owner: .
  content_hash: sha256:e1a9f44582158d3fa9b5e08067103b02dafba4310126a4a23ad63d5deb60f023
- kind: project-relative
  target: codex
  value: .codex/agents/code-simplifier.toml
  runtime: null
  scope: project
  owners:
  - .
  active_owner: .
  content_hash: sha256:9311dc226a96ae3dad15abb1abff498dbcefe400e3e0ebf09f6e68e6ca2b98b8
local_deployed_files:
- .agents/skills/argument-gap-edit
- .agents/skills/argument-gap-edit/SKILL.md
- .agents/skills/cognitive-rhythm-writing
- .agents/skills/cognitive-rhythm-writing/SKILL.md
- .agents/skills/git-commit
- .agents/skills/git-commit/SKILL.md
- .agents/skills/japanese-tech-writing
- .agents/skills/japanese-tech-writing/SKILL.md
- .agents/skills/simplify
- .agents/skills/simplify/SKILL.md
- .codex/agents/code-simplifier.toml
local_deployed_file_hashes:
  .agents/skills/argument-gap-edit/SKILL.md: sha256:8ea39ccbf38dbcafbe5ed9e3d4a1ba17692f0e727f38388a09a5c80193be77b8
  .agents/skills/cognitive-rhythm-writing/SKILL.md: sha256:f10448558a522b2ca190aaae51c5a8596217cf1dd8c4010a3bf91d3b51aa8493
  .agents/skills/git-commit/SKILL.md: sha256:132dd15a03bec7e301ab77dbe8dd5d09f5e7f7425a1b2811f34f083c629c79d7
  .agents/skills/japanese-tech-writing/SKILL.md: sha256:7db3328550e754ca625c141a7c2a9214198b4b0f76662dda99ac131cc16495f5
  .agents/skills/simplify/SKILL.md: sha256:e1a9f44582158d3fa9b5e08067103b02dafba4310126a4a23ad63d5deb60f023
  .codex/agents/code-simplifier.toml: sha256:9311dc226a96ae3dad15abb1abff498dbcefe400e3e0ebf09f6e68e6ca2b98b8
